
Microsoft Visual Studio Solution File, Format Version 12.00
Project("{FAE04EC0-301F-11D3-BF4B-00C04F79EFBC}") = "WhiskyWine.UserService.API", "WhiskyWine.UserService.API\WhiskyWine.UserService.API.csproj", "{6ED1932A-1CB2-4FC3-9E71-CD4986FA6323}"
EndProject
Project("{FAE04EC0-301F-11D3-BF4B-00C04F79EFBC}") = "WhiskyWine.UserService.Data", "WhiskyWine.UserService.Data\WhiskyWine.UserService.Data.csproj", "{0424AEC3-1491-49CE-8E0E-F2BEEB89D101}"
EndProject
Project("{FAE04EC0-301F-11D3-BF4B-00C04F79EFBC}") = "WhiskyWine.UserService.Domain", "WhiskyWine.UserService.Domain\WhiskyWine.UserService.Domain.csproj", "{F4651A9E-0158-4123-8677-F571CA77E068}"
EndProject
Global
	GlobalSection(SolutionConfigurationPlatforms) = preSolution
		Debug|Any CPU = Debug|Any CPU
		Release|Any CPU = Release|Any CPU
	EndGlobalSection
	GlobalSection(ProjectConfigurationPlatforms) = postSolution
		{6ED1932A-1CB2-4FC3-9E71-CD4986FA6323}.Debug|Any CPU.ActiveCfg = Debug|Any CPU
		{6ED1932A-1CB2-4FC3-9E71-CD4986FA6323}.Debug|Any CPU.Build.0 = Debug|Any CPU
		{6ED1932A-1CB2-4FC3-9E71-CD4986FA6323}.Release|Any CPU.ActiveCfg = Release|Any CPU
		{6ED1932A-1CB2-4FC3-9E71-CD4986FA6323}.Release|Any CPU.Build.0 = Release|Any CPU
		{0424AEC3-1491-49CE-8E0E-F2BEEB89D101}.Debug|Any CPU.ActiveCfg = Debug|Any CPU
		{0424AEC3-1491-49CE-8E0E-F2BEEB89D101}.Debug|Any CPU.Build.0 = Debug|Any CPU
		{0424AEC3-1491-49CE-8E0E-F2BEEB89D101}.Release|Any CPU.ActiveCfg = Release|Any CPU
		{0424AEC3-1491-49CE-8E0E-F2BEEB89D101}.Release|Any CPU.Build.0 = Release|Any CPU
		{F4651A9E-0158-4123-8677-F571CA77E068}.Debug|Any CPU.ActiveCfg = Debug|Any CPU
		{F4651A9E-0158-4123-8677-F571CA77E068}.Debug|Any CPU.Build.0 = Debug|Any CPU
		{F4651A9E-0158-4123-8677-F571CA77E068}.Release|Any CPU.ActiveCfg = Release|Any CPU
		{F4651A9E-0158-4123-8677-F571CA77E068}.Release|Any CPU.Build.0 = Release|Any CPU
	EndGlobalSection
EndGlobal
